// !$*UTF8*$!
{
	archiveVersion = 1;
	classes = {
	};
	objectVersion = 52;
	objects = {

/* Begin PBXBuildFile section */
		F81BF7D3238635B500B53D23 /* ConfiguringView.swift in Sources */ = {isa = PBXBuildFile; fileRef = F81BF7D2238635B500B53D23 /* ConfiguringView.swift */; };
		F81BF7D5238635D500B53D23 /* ConfiguringState.swift in Sources */ = {isa = PBXBuildFile; fileRef = F81BF7D4238635D500B53D23 /* ConfiguringState.swift */; };
		F81BF7D7238635F600B53D23 /* ConfiguringEvent.swift in Sources */ = {isa = PBXBuildFile; fileRef = F81BF7D6238635F600B53D23 /* ConfiguringEvent.swift */; };
		F81BF7D92388388200B53D23 /* Activity.swift in Sources */ = {isa = PBXBuildFile; fileRef = F81BF7D82388388200B53D23 /* Activity.swift */; };
		F85DEB9B23821AEE00C7E977 /* AppDelegate.swift in Sources */ = {isa = PBXBuildFile; fileRef = F85DEB9A23821AEE00C7E977 /* AppDelegate.swift */; };
		F85DEB9D23821AEE00C7E977 /* SceneDelegate.swift in Sources */ = {isa = PBXBuildFile; fileRef = F85DEB9C23821AEE00C7E977 /* SceneDelegate.swift */; };
		F85DEB9F23821AEE00C7E977 /* AppView.swift in Sources */ = {isa = PBXBuildFile; fileRef = F85DEB9E23821AEE00C7E977 /* AppView.swift */; };
		F85DEBA123821AF200C7E977 /* Assets.xcassets in Resources */ = {isa = PBXBuildFile; fileRef = F85DEBA023821AF200C7E977 /* Assets.xcassets */; };
		F85DEBA423821AF200C7E977 /* Preview Assets.xcassets in Resources */ = {isa = PBXBuildFile; fileRef = F85DEBA323821AF200C7E977 /* Preview Assets.xcassets */; };
		F85DEBA723821AF200C7E977 /* LaunchScreen.storyboard in Resources */ = {isa = PBXBuildFile; fileRef = F85DEBA523821AF200C7E977 /* LaunchScreen.storyboard */; };
		F85DEBB223821AF200C7E977 /* swiftui_feedbackloopTests.swift in Sources */ = {isa = PBXBuildFile; fileRef = F85DEBB123821AF200C7E977 /* swiftui_feedbackloopTests.swift */; };
		F85DEBBD23821AF200C7E977 /* swiftui_feedbackloopUITests.swift in Sources */ = {isa = PBXBuildFile; fileRef = F85DEBBC23821AF200C7E977 /* swiftui_feedbackloopUITests.swift */; };
		F85DEBCC23821E8000C7E977 /* CombineFeedback in Frameworks */ = {isa = PBXBuildFile; productRef = F85DEBCB23821E8000C7E977 /* CombineFeedback */; };
		F85DEBCE23821E8000C7E977 /* CombineFeedbackUI in Frameworks */ = {isa = PBXBuildFile; productRef = F85DEBCD23821E8000C7E977 /* CombineFeedbackUI */; };
		F8ECED5B23843053009C2BD7 /* AppState.swift in Sources */ = {isa = PBXBuildFile; fileRef = F8ECED5A23843053009C2BD7 /* AppState.swift */; };
		F8ECED5D23843115009C2BD7 /* Builder.swift in Sources */ = {isa = PBXBuildFile; fileRef = F8ECED5C23843115009C2BD7 /* Builder.swift */; };
		F8ECED612384526D009C2BD7 /* AuthState.swift in Sources */ = {isa = PBXBuildFile; fileRef = F8ECED602384526D009C2BD7 /* AuthState.swift */; };
		F8ECED632384528F009C2BD7 /* OnboardingState.swift in Sources */ = {isa = PBXBuildFile; fileRef = F8ECED622384528F009C2BD7 /* OnboardingState.swift */; };
		F8ECED65238452D3009C2BD7 /* HomeState.swift in Sources */ = {isa = PBXBuildFile; fileRef = F8ECED64238452D3009C2BD7 /* HomeState.swift */; };
		F8ECED6723845310009C2BD7 /* AuthEvent.swift in Sources */ = {isa = PBXBuildFile; fileRef = F8ECED6623845310009C2BD7 /* AuthEvent.swift */; };
		F8ECED6A23845BEF009C2BD7 /* Auth.swift in Sources */ = {isa = PBXBuildFile; fileRef = F8ECED6923845BEF009C2BD7 /* Auth.swift */; };
		F8ECED6C23845EA7009C2BD7 /* OnboardingEvent.swift in Sources */ = {isa = PBXBuildFile; fileRef = F8ECED6B23845EA7009C2BD7 /* OnboardingEvent.swift */; };
		F8ECED6E238465FE009C2BD7 /* ConfiguringViewModel.swift in Sources */ = {isa = PBXBuildFile; fileRef = F8ECED6D238465FE009C2BD7 /* ConfiguringViewModel.swift */; };
		F8ECED7023847A88009C2BD7 /* AuthView.swift in Sources */ = {isa = PBXBuildFile; fileRef = F8ECED6F23847A88009C2BD7 /* AuthView.swift */; };
		F8ECED7223847A9A009C2BD7 /* OnboardingView.swift in Sources */ = {isa = PBXBuildFile; fileRef = F8ECED7123847A9A009C2BD7 /* OnboardingView.swift */; };
		F8ECED7423847AAC009C2BD7 /* HomeView.swift in Sources */ = {isa = PBXBuildFile; fileRef = F8ECED7323847AAC009C2BD7 /* HomeView.swift */; };
		F8ECED7623847D3B009C2BD7 /* AuthViewModel.swift in Sources */ = {isa = PBXBuildFile; fileRef = F8ECED7523847D3B009C2BD7 /* AuthViewModel.swift */; };
		F8ECED7A2384B796009C2BD7 /* LoginViewModel.swift in Sources */ = {isa = PBXBuildFile; fileRef = F8ECED792384B796009C2BD7 /* LoginViewModel.swift */; };
		F8ECED7C2384B7B5009C2BD7 /* LoginView.swift in Sources */ = {isa = PBXBuildFile; fileRef = F8ECED7B2384B7B5009C2BD7 /* LoginView.swift */; };
		F8ECED7E2384BCD5009C2BD7 /* LoginState.swift in Sources */ = {isa = PBXBuildFile; fileRef = F8ECED7D2384BCD5009C2BD7 /* LoginState.swift */; };
		F8ECED802384BCE0009C2BD7 /* LoginEvent.swift in Sources */ = {isa = PBXBuildFile; fileRef = F8ECED7F2384BCE0009C2BD7 /* LoginEvent.swift */; };
		F8ECED822384BFD8009C2BD7 /* RegistrationView.swift in Sources */ = {isa = PBXBuildFile; fileRef = F8ECED812384BFD8009C2BD7 /* RegistrationView.swift */; };
		F8ECED842385A6DD009C2BD7 /* OnboardingViewModel.swift in Sources */ = {isa = PBXBuildFile; fileRef = F8ECED832385A6DD009C2BD7 /* OnboardingViewModel.swift */; };
		F8ECED862385A8CE009C2BD7 /* HomeViewModel.swift in Sources */ = {isa = PBXBuildFile; fileRef = F8ECED852385A8CE009C2BD7 /* HomeViewModel.swift */; };
		F8ECED882385A8DC009C2BD7 /* HomeEvent.swift in Sources */ = {isa = PBXBuildFile; fileRef = F8ECED872385A8DC009C2BD7 /* HomeEvent.swift */; };
		F8ECED8A2385A91B009C2BD7 /* AccountState.swift in Sources */ = {isa = PBXBuildFile; fileRef = F8ECED892385A91B009C2BD7 /* AccountState.swift */; };
		F8F5A4AA238A367500276F27 /* ColorPalette.xcassets in Resources */ = {isa = PBXBuildFile; fileRef = F8F5A4A9238A367500276F27 /* ColorPalette.xcassets */; };
		F8F5A4AC238DCE6200276F27 /* DependencyModifier.swift in Sources */ = {isa = PBXBuildFile; fileRef = F8F5A4AB238DCE6200276F27 /* DependencyModifier.swift */; };
		F8F5A4B4238E075A00276F27 /* NewsAPIService.swift in Sources */ = {isa = PBXBuildFile; fileRef = F8F5A4AE238E075A00276F27 /* NewsAPIService.swift */; };
		F8F5A4B5238E075A00276F27 /* NewsAPITopheadlineRequest.swift in Sources */ = {isa = PBXBuildFile; fileRef = F8F5A4AF238E075A00276F27 /* NewsAPITopheadlineRequest.swift */; };
		F8F5A4B6238E075A00276F27 /* APIService.swift in Sources */ = {isa = PBXBuildFile; fileRef = F8F5A4B1238E075A00276F27 /* APIService.swift */; };
		F8F5A4B7238E075A00276F27 /* APIServiceError.swift in Sources */ = {isa = PBXBuildFile; fileRef = F8F5A4B2238E075A00276F27 /* APIServiceError.swift */; };
		F8F5A4B8238E075A00276F27 /* APIRequest.swift in Sources */ = {isa = PBXBuildFile; fileRef = F8F5A4B3238E075A00276F27 /* APIRequest.swift */; };
		F8F5A4BC238E0B1500276F27 /* NewsTopheadlineResponse.swift in Sources */ = {isa = PBXBuildFile; fileRef = F8F5A4B9238E0B1500276F27 /* NewsTopheadlineResponse.swift */; };
		F8F5A4BD238E0B1500276F27 /* NewsArticles.swift in Sources */ = {isa = PBXBuildFile; fileRef = F8F5A4BA238E0B1500276F27 /* NewsArticles.swift */; };
		F8F5A4BE238E0B1500276F27 /* NewsSource.swift in Sources */ = {isa = PBXBuildFile; fileRef = F8F5A4BB238E0B1500276F27 /* NewsSource.swift */; };
		F8F5A4C1238E0F4B00276F27 /* DependencyContainer.swift in Sources */ = {isa = PBXBuildFile; fileRef = F8F5A4C0238E0F4B00276F27 /* DependencyContainer.swift */; };
		F8F5A4C3238E231100276F27 /* CombineExt.swift in Sources */ = {isa = PBXBuildFile; fileRef = F8F5A4C2238E231100276F27 /* CombineExt.swift */; };
/* End PBXBuildFile section */

/* Begin PBXContainerItemProxy section */
		F85DEBAE23821AF200C7E977 /* PBXContainerItemProxy */ = {
			isa = PBXContainerItemProxy;
			containerPortal = F85DEB8F23821AEE00C7E977 /* Project object */;
			proxyType = 1;
			remoteGlobalIDString = F85DEB9623821AEE00C7E977;
			remoteInfo = "swiftui-feedbackloop";
		};
		F85DEBB923821AF200C7E977 /* PBXContainerItemProxy */ = {
			isa = PBXContainerItemProxy;
			containerPortal = F85DEB8F23821AEE00C7E977 /* Project object */;
			proxyType = 1;
			remoteGlobalIDString = F85DEB9623821AEE00C7E977;
			remoteInfo = "swiftui-feedbackloop";
		};
/* End PBXContainerItemProxy section */

/* Begin PBXFileReference section */
		F81BF7D2238635B500B53D23 /* ConfiguringView.swift */ = {isa = PBXFileReference; lastKnownFileType = sourcecode.swift; path = ConfiguringView.swift; sourceTree = "<group>"; };
		F81BF7D4238635D500B53D23 /* ConfiguringState.swift */ = {isa = PBXFileReference; lastKnownFileType = sourcecode.swift; path = ConfiguringState.swift; sourceTree = "<group>"; };
		F81BF7D6238635F600B53D23 /* ConfiguringEvent.swift */ = {isa = PBXFileReference; lastKnownFileType = sourcecode.swift; path = ConfiguringEvent.swift; sourceTree = "<group>"; };
		F81BF7D82388388200B53D23 /* Activity.swift */ = {isa = PBXFileReference; lastKnownFileType = sourcecode.swift; path = Activity.swift; sourceTree = "<group>"; };
		F85DEB9723821AEE00C7E977 /* swiftui-feedbackloop.app */ = {isa = PBXFileReference; explicitFileType = wrapper.application; includeInIndex = 0; path = "swiftui-feedbackloop.app"; sourceTree = BUILT_PRODUCTS_DIR; };
		F85DEB9A23821AEE00C7E977 /* AppDelegate.swift */ = {isa = PBXFileReference; lastKnownFileType = sourcecode.swift; path = AppDelegate.swift; sourceTree = "<group>"; };
		F85DEB9C23821AEE00C7E977 /* SceneDelegate.swift */ = {isa = PBXFileReference; lastKnownFileType = sourcecode.swift; path = SceneDelegate.swift; sourceTree = "<group>"; };
		F85DEB9E23821AEE00C7E977 /* AppView.swift */ = {isa = PBXFileReference; lastKnownFileType = sourcecode.swift; path = AppView.swift; sourceTree = "<group>"; };
		F85DEBA023821AF200C7E977 /* Assets.xcassets */ = {isa = PBXFileReference; lastKnownFileType = folder.assetcatalog; path = Assets.xcassets; sourceTree = "<group>"; };
		F85DEBA323821AF200C7E977 /* Preview Assets.xcassets */ = {isa = PBXFileReference; lastKnownFileType = folder.assetcatalog; path = "Preview Assets.xcassets"; sourceTree = "<group>"; };
		F85DEBA623821AF200C7E977 /* Base */ = {isa = PBXFileReference; lastKnownFileType = file.storyboard; name = Base; path = Base.lproj/LaunchScreen.storyboard; sourceTree = "<group>"; };
		F85DEBA823821AF200C7E977 /* Info.plist */ = {isa = PBXFileReference; lastKnownFileType = text.plist.xml; path = Info.plist; sourceTree = "<group>"; };
		F85DEBAD23821AF200C7E977 /* swiftui-feedbackloopTests.xctest */ = {isa = PBXFileReference; explicitFileType = wrapper.cfbundle; includeInIndex = 0; path = "swiftui-feedbackloopTests.xctest"; sourceTree = BUILT_PRODUCTS_DIR; };
		F85DEBB123821AF200C7E977 /* swiftui_feedbackloopTests.swift */ = {isa = PBXFileReference; lastKnownFileType = sourcecode.swift; path = swiftui_feedbackloopTests.swift; sourceTree = "<group>"; };
		F85DEBB323821AF200C7E977 /* Info.plist */ = {isa = PBXFileReference; lastKnownFileType = text.plist.xml; path = Info.plist; sourceTree = "<group>"; };
		F85DEBB823821AF200C7E977 /* swiftui-feedbackloopUITests.xctest */ = {isa = PBXFileReference; explicitFileType = wrapper.cfbundle; includeInIndex = 0; path = "swiftui-feedbackloopUITests.xctest"; sourceTree = BUILT_PRODUCTS_DIR; };
		F85DEBBC23821AF200C7E977 /* swiftui_feedbackloopUITests.swift */ = {isa = PBXFileReference; lastKnownFileType = sourcecode.swift; path = swiftui_feedbackloopUITests.swift; sourceTree = "<group>"; };
		F85DEBBE23821AF200C7E977 /* Info.plist */ = {isa = PBXFileReference; lastKnownFileType = text.plist.xml; path = Info.plist; sourceTree = "<group>"; };
		F8ECED5A23843053009C2BD7 /* AppState.swift */ = {isa = PBXFileReference; lastKnownFileType = sourcecode.swift; path = AppState.swift; sourceTree = "<group>"; };
		F8ECED5C23843115009C2BD7 /* Builder.swift */ = {isa = PBXFileReference; lastKnownFileType = sourcecode.swift; path = Builder.swift; sourceTree = "<group>"; };
		F8ECED602384526D009C2BD7 /* AuthState.swift */ = {isa = PBXFileReference; lastKnownFileType = sourcecode.swift; path = AuthState.swift; sourceTree = "<group>"; };
		F8ECED622384528F009C2BD7 /* OnboardingState.swift */ = {isa = PBXFileReference; lastKnownFileType = sourcecode.swift; path = OnboardingState.swift; sourceTree = "<group>"; };
		F8ECED64238452D3009C2BD7 /* HomeState.swift */ = {isa = PBXFileReference; lastKnownFileType = sourcecode.swift; path = HomeState.swift; sourceTree = "<group>"; };
		F8ECED6623845310009C2BD7 /* AuthEvent.swift */ = {isa = PBXFileReference; lastKnownFileType = sourcecode.swift; path = AuthEvent.swift; sourceTree = "<group>"; };
		F8ECED6923845BEF009C2BD7 /* Auth.swift */ = {isa = PBXFileReference; lastKnownFileType = sourcecode.swift; path = Auth.swift; sourceTree = "<group>"; };
		F8ECED6B23845EA7009C2BD7 /* OnboardingEvent.swift */ = {isa = PBXFileReference; lastKnownFileType = sourcecode.swift; path = OnboardingEvent.swift; sourceTree = "<group>"; };
		F8ECED6D238465FE009C2BD7 /* ConfiguringViewModel.swift */ = {isa = PBXFileReference; lastKnownFileType = sourcecode.swift; path = ConfiguringViewModel.swift; sourceTree = "<group>"; };
		F8ECED6F23847A88009C2BD7 /* AuthView.swift */ = {isa = PBXFileReference; lastKnownFileType = sourcecode.swift; path = AuthView.swift; sourceTree = "<group>"; };
		F8ECED7123847A9A009C2BD7 /* OnboardingView.swift */ = {isa = PBXFileReference; lastKnownFileType = sourcecode.swift; path = OnboardingView.swift; sourceTree = "<group>"; };
		F8ECED7323847AAC009C2BD7 /* HomeView.swift */ = {isa = PBXFileReference; lastKnownFileType = sourcecode.swift; path = HomeView.swift; sourceTree = "<group>"; };
		F8ECED7523847D3B009C2BD7 /* AuthViewModel.swift */ = {isa = PBXFileReference; lastKnownFileType = sourcecode.swift; path = AuthViewModel.swift; sourceTree = "<group>"; };
		F8ECED792384B796009C2BD7 /* LoginViewModel.swift */ = {isa = PBXFileReference; lastKnownFileType = sourcecode.swift; path = LoginViewModel.swift; sourceTree = "<group>"; };
		F8ECED7B2384B7B5009C2BD7 /* LoginView.swift */ = {isa = PBXFileReference; lastKnownFileType = sourcecode.swift; path = LoginView.swift; sourceTree = "<group>"; };
		F8ECED7D2384BCD5009C2BD7 /* LoginState.swift */ = {isa = PBXFileReference; lastKnownFileType = sourcecode.swift; path = LoginState.swift; sourceTree = "<group>"; };
		F8ECED7F2384BCE0009C2BD7 /* LoginEvent.swift */ = {isa = PBXFileReference; lastKnownFileType = sourcecode.swift; path = LoginEvent.swift; sourceTree = "<group>"; };
		F8ECED812384BFD8009C2BD7 /* RegistrationView.swift */ = {isa = PBXFileReference; lastKnownFileType = sourcecode.swift; path = RegistrationView.swift; sourceTree = "<group>"; };
		F8ECED832385A6DD009C2BD7 /* OnboardingViewModel.swift */ = {isa = PBXFileReference; lastKnownFileType = sourcecode.swift; path = OnboardingViewModel.swift; sourceTree = "<group>"; };
		F8ECED852385A8CE009C2BD7 /* HomeViewModel.swift */ = {isa = PBXFileReference; lastKnownFileType = sourcecode.swift; path = HomeViewModel.swift; sourceTree = "<group>"; };
		F8ECED872385A8DC009C2BD7 /* HomeEvent.swift */ = {isa = PBXFileReference; lastKnownFileType = sourcecode.swift; path = HomeEvent.swift; sourceTree = "<group>"; };
		F8ECED892385A91B009C2BD7 /* AccountState.swift */ = {isa = PBXFileReference; lastKnownFileType = sourcecode.swift; path = AccountState.swift; sourceTree = "<group>"; };
		F8F5A4A9238A367500276F27 /* ColorPalette.xcassets */ = {isa = PBXFileReference; lastKnownFileType = folder.assetcatalog; path = ColorPalette.xcassets; sourceTree = "<group>"; };
		F8F5A4AB238DCE6200276F27 /* DependencyModifier.swift */ = {isa = PBXFileReference; lastKnownFileType = sourcecode.swift; path = DependencyModifier.swift; sourceTree = "<group>"; };
		F8F5A4AE238E075A00276F27 /* NewsAPIService.swift */ = {isa = PBXFileReference; fileEncoding = 4; lastKnownFileType = sourcecode.swift; path = NewsAPIService.swift; sourceTree = "<group>"; };
		F8F5A4AF238E075A00276F27 /* NewsAPITopheadlineRequest.swift */ = {isa = PBXFileReference; fileEncoding = 4; lastKnownFileType = sourcecode.swift; path = NewsAPITopheadlineRequest.swift; sourceTree = "<group>"; };
		F8F5A4B1238E075A00276F27 /* APIService.swift */ = {isa = PBXFileReference; fileEncoding = 4; lastKnownFileType = sourcecode.swift; path = APIService.swift; sourceTree = "<group>"; };
		F8F5A4B2238E075A00276F27 /* APIServiceError.swift */ = {isa = PBXFileReference; fileEncoding = 4; lastKnownFileType = sourcecode.swift; path = APIServiceError.swift; sourceTree = "<group>"; };
		F8F5A4B3238E075A00276F27 /* APIRequest.swift */ = {isa = PBXFileReference; fileEncoding = 4; lastKnownFileType = sourcecode.swift; path = APIRequest.swift; sourceTree = "<group>"; };
		F8F5A4B9238E0B1500276F27 /* NewsTopheadlineResponse.swift */ = {isa = PBXFileReference; fileEncoding = 4; lastKnownFileType = sourcecode.swift; path = NewsTopheadlineResponse.swift; sourceTree = "<group>"; };
		F8F5A4BA238E0B1500276F27 /* NewsArticles.swift */ = {isa = PBXFileReference; fileEncoding = 4; lastKnownFileType = sourcecode.swift; path = NewsArticles.swift; sourceTree = "<group>"; };
		F8F5A4BB238E0B1500276F27 /* NewsSource.swift */ = {isa = PBXFileReference; fileEncoding = 4; lastKnownFileType = sourcecode.swift; path = NewsSource.swift; sourceTree = "<group>"; };
		F8F5A4C0238E0F4B00276F27 /* DependencyContainer.swift */ = {isa = PBXFileReference; lastKnownFileType = sourcecode.swift; path = DependencyContainer.swift; sourceTree = "<group>"; };
		F8F5A4C2238E231100276F27 /* CombineExt.swift */ = {isa = PBXFileReference; lastKnownFileType = sourcecode.swift; path = CombineExt.swift; sourceTree = "<group>"; };
/* End PBXFileReference section */

/* Begin PBXFrameworksBuildPhase section */
		F85DEB9423821AEE00C7E977 /* Frameworks */ = {
			isa = PBXFrameworksBuildPhase;
			buildActionMask = 2147483647;
			files = (
				F85DEBCC23821E8000C7E977 /* CombineFeedback in Frameworks */,
				F85DEBCE23821E8000C7E977 /* CombineFeedbackUI in Frameworks */,
			);
			runOnlyForDeploymentPostprocessing = 0;
		};
		F85DEBAA23821AF200C7E977 /* Frameworks */ = {
			isa = PBXFrameworksBuildPhase;
			buildActionMask = 2147483647;
			files = (
			);
			runOnlyForDeploymentPostprocessing = 0;
		};
		F85DEBB523821AF200C7E977 /* Frameworks */ = {
			isa = PBXFrameworksBuildPhase;
			buildActionMask = 2147483647;
			files = (
			);
			runOnlyForDeploymentPostprocessing = 0;
		};
/* End PBXFrameworksBuildPhase section */

/* Begin PBXGroup section */
		F81BF7D12386348900B53D23 /* Configuring */ = {
			isa = PBXGroup;
			children = (
				F8ECED6D238465FE009C2BD7 /* ConfiguringViewModel.swift */,
				F81BF7D2238635B500B53D23 /* ConfiguringView.swift */,
				F81BF7D4238635D500B53D23 /* ConfiguringState.swift */,
				F81BF7D6238635F600B53D23 /* ConfiguringEvent.swift */,
			);
			path = Configuring;
			sourceTree = "<group>";
		};
		F85DEB8E23821AEE00C7E977 = {
			isa = PBXGroup;
			children = (
				F85DEB9923821AEE00C7E977 /* swiftui-feedbackloop */,
				F85DEBB023821AF200C7E977 /* swiftui-feedbackloopTests */,
				F85DEBBB23821AF200C7E977 /* swiftui-feedbackloopUITests */,
				F85DEB9823821AEE00C7E977 /* Products */,
			);
			sourceTree = "<group>";
		};
		F85DEB9823821AEE00C7E977 /* Products */ = {
			isa = PBXGroup;
			children = (
				F85DEB9723821AEE00C7E977 /* swiftui-feedbackloop.app */,
				F85DEBAD23821AF200C7E977 /* swiftui-feedbackloopTests.xctest */,
				F85DEBB823821AF200C7E977 /* swiftui-feedbackloopUITests.xctest */,
			);
			name = Products;
			sourceTree = "<group>";
		};
		F85DEB9923821AEE00C7E977 /* swiftui-feedbackloop */ = {
			isa = PBXGroup;
			children = (
				F8F5A4A8238A362800276F27 /* Resources */,
				F8ECED4E23842AE4009C2BD7 /* Core */,
				F8ECED4C23842AC0009C2BD7 /* Services */,
				F8F5A4BF238E0EEC00276F27 /* Dependency */,
				F8ECED4D23842AC8009C2BD7 /* Features */,
				F85DEB9A23821AEE00C7E977 /* AppDelegate.swift */,
				F85DEB9C23821AEE00C7E977 /* SceneDelegate.swift */,
				F85DEBA023821AF200C7E977 /* Assets.xcassets */,
				F85DEBA523821AF200C7E977 /* LaunchScreen.storyboard */,
				F85DEBA823821AF200C7E977 /* Info.plist */,
				F85DEBA223821AF200C7E977 /* Preview Content */,
			);
			path = "swiftui-feedbackloop";
			sourceTree = "<group>";
		};
		F85DEBA223821AF200C7E977 /* Preview Content */ = {
			isa = PBXGroup;
			children = (
				F85DEBA323821AF200C7E977 /* Preview Assets.xcassets */,
			);
			path = "Preview Content";
			sourceTree = "<group>";
		};
		F85DEBB023821AF200C7E977 /* swiftui-feedbackloopTests */ = {
			isa = PBXGroup;
			children = (
				F85DEBB123821AF200C7E977 /* swiftui_feedbackloopTests.swift */,
				F85DEBB323821AF200C7E977 /* Info.plist */,
			);
			path = "swiftui-feedbackloopTests";
			sourceTree = "<group>";
		};
		F85DEBBB23821AF200C7E977 /* swiftui-feedbackloopUITests */ = {
			isa = PBXGroup;
			children = (
				F85DEBBC23821AF200C7E977 /* swiftui_feedbackloopUITests.swift */,
				F85DEBBE23821AF200C7E977 /* Info.plist */,
			);
			path = "swiftui-feedbackloopUITests";
			sourceTree = "<group>";
		};
		F8ECED4C23842AC0009C2BD7 /* Services */ = {
			isa = PBXGroup;
			children = (
				F8F5A4AD238E075A00276F27 /* NewsAPI */,
				F8ECED6823845BDD009C2BD7 /* Models */,
			);
			path = Services;
			sourceTree = "<group>";
		};
		F8ECED4D23842AC8009C2BD7 /* Features */ = {
			isa = PBXGroup;
			children = (
				F85DEB9E23821AEE00C7E977 /* AppView.swift */,
				F8ECED5A23843053009C2BD7 /* AppState.swift */,
				F81BF7D12386348900B53D23 /* Configuring */,
				F8ECED5123842BE7009C2BD7 /* Home */,
				F8ECED5023842BD0009C2BD7 /* Onboarding */,
				F8ECED4F23842B9F009C2BD7 /* Authentication */,
			);
			path = Features;
			sourceTree = "<group>";
		};
		F8ECED4E23842AE4009C2BD7 /* Core */ = {
			isa = PBXGroup;
			children = (
				F8ECED5C23843115009C2BD7 /* Builder.swift */,
				F81BF7D82388388200B53D23 /* Activity.swift */,
				F8F5A4C2238E231100276F27 /* CombineExt.swift */,
			);
			path = Core;
			sourceTree = "<group>";
		};
		F8ECED4F23842B9F009C2BD7 /* Authentication */ = {
			isa = PBXGroup;
			children = (
				F8ECED782384B6DA009C2BD7 /* Registration */,
				F8ECED772384B6CE009C2BD7 /* Login */,
				F8ECED602384526D009C2BD7 /* AuthState.swift */,
				F8ECED6623845310009C2BD7 /* AuthEvent.swift */,
				F8ECED6F23847A88009C2BD7 /* AuthView.swift */,
				F8ECED7523847D3B009C2BD7 /* AuthViewModel.swift */,
			);
			path = Authentication;
			sourceTree = "<group>";
		};
		F8ECED5023842BD0009C2BD7 /* Onboarding */ = {
			isa = PBXGroup;
			children = (
				F8ECED622384528F009C2BD7 /* OnboardingState.swift */,
				F8ECED6B23845EA7009C2BD7 /* OnboardingEvent.swift */,
				F8ECED7123847A9A009C2BD7 /* OnboardingView.swift */,
				F8ECED832385A6DD009C2BD7 /* OnboardingViewModel.swift */,
			);
			path = Onboarding;
			sourceTree = "<group>";
		};
		F8ECED5123842BE7009C2BD7 /* Home */ = {
			isa = PBXGroup;
			children = (
				F8ECED5223842BFA009C2BD7 /* Dashboard */,
				F8ECED5323842C08009C2BD7 /* Favourite */,
				F8ECED5423842C42009C2BD7 /* Account */,
				F8ECED5523842C4A009C2BD7 /* Settings */,
				F8ECED64238452D3009C2BD7 /* HomeState.swift */,
				F8ECED872385A8DC009C2BD7 /* HomeEvent.swift */,
				F8ECED7323847AAC009C2BD7 /* HomeView.swift */,
				F8ECED852385A8CE009C2BD7 /* HomeViewModel.swift */,
			);
			path = Home;
			sourceTree = "<group>";
		};
		F8ECED5223842BFA009C2BD7 /* Dashboard */ = {
			isa = PBXGroup;
			children = (
			);
			path = Dashboard;
			sourceTree = "<group>";
		};
		F8ECED5323842C08009C2BD7 /* Favourite */ = {
			isa = PBXGroup;
			children = (
			);
			path = Favourite;
			sourceTree = "<group>";
		};
		F8ECED5423842C42009C2BD7 /* Account */ = {
			isa = PBXGroup;
			children = (
				F8ECED892385A91B009C2BD7 /* AccountState.swift */,
				F8ECED5623842C55009C2BD7 /* Profile */,
				F8ECED5723842C62009C2BD7 /* Privacy */,
				F8ECED5923842CDD009C2BD7 /* Security */,
				F8ECED5823842C80009C2BD7 /* QA */,
			);
			path = Account;
			sourceTree = "<group>";
		};
		F8ECED5523842C4A009C2BD7 /* Settings */ = {
			isa = PBXGroup;
			children = (
			);
			path = Settings;
			sourceTree = "<group>";
		};
		F8ECED5623842C55009C2BD7 /* Profile */ = {
			isa = PBXGroup;
			children = (
			);
			path = Profile;
			sourceTree = "<group>";
		};
		F8ECED5723842C62009C2BD7 /* Privacy */ = {
			isa = PBXGroup;
			children = (
			);
			path = Privacy;
			sourceTree = "<group>";
		};
		F8ECED5823842C80009C2BD7 /* QA */ = {
			isa = PBXGroup;
			children = (
			);
			path = QA;
			sourceTree = "<group>";
		};
		F8ECED5923842CDD009C2BD7 /* Security */ = {
			isa = PBXGroup;
			children = (
			);
			path = Security;
			sourceTree = "<group>";
		};
		F8ECED6823845BDD009C2BD7 /* Models */ = {
			isa = PBXGroup;
			children = (
				F8F5A4BA238E0B1500276F27 /* NewsArticles.swift */,
				F8F5A4BB238E0B1500276F27 /* NewsSource.swift */,
				F8F5A4B9238E0B1500276F27 /* NewsTopheadlineResponse.swift */,
				F8ECED6923845BEF009C2BD7 /* Auth.swift */,
			);
			path = Models;
			sourceTree = "<group>";
		};
		F8ECED772384B6CE009C2BD7 /* Login */ = {
			isa = PBXGroup;
			children = (
				F8ECED7D2384BCD5009C2BD7 /* LoginState.swift */,
				F8ECED7F2384BCE0009C2BD7 /* LoginEvent.swift */,
				F8ECED7B2384B7B5009C2BD7 /* LoginView.swift */,
				F8ECED792384B796009C2BD7 /* LoginViewModel.swift */,
			);
			path = Login;
			sourceTree = "<group>";
		};
		F8ECED782384B6DA009C2BD7 /* Registration */ = {
			isa = PBXGroup;
			children = (
				F8ECED812384BFD8009C2BD7 /* RegistrationView.swift */,
			);
			path = Registration;
			sourceTree = "<group>";
		};
		F8F5A4A8238A362800276F27 /* Resources */ = {
			isa = PBXGroup;
			children = (
				F8F5A4A9238A367500276F27 /* ColorPalette.xcassets */,
			);
			path = Resources;
			sourceTree = "<group>";
		};
		F8F5A4AD238E075A00276F27 /* NewsAPI */ = {
			isa = PBXGroup;
			children = (
				F8F5A4AE238E075A00276F27 /* NewsAPIService.swift */,
				F8F5A4AF238E075A00276F27 /* NewsAPITopheadlineRequest.swift */,
				F8F5A4B0238E075A00276F27 /* Type */,
			);
			path = NewsAPI;
			sourceTree = "<group>";
		};
		F8F5A4B0238E075A00276F27 /* Type */ = {
			isa = PBXGroup;
			children = (
				F8F5A4B1238E075A00276F27 /* APIService.swift */,
				F8F5A4B2238E075A00276F27 /* APIServiceError.swift */,
				F8F5A4B3238E075A00276F27 /* APIRequest.swift */,
			);
			path = Type;
			sourceTree = "<group>";
		};
		F8F5A4BF238E0EEC00276F27 /* Dependency */ = {
			isa = PBXGroup;
			children = (
				F8F5A4C0238E0F4B00276F27 /* DependencyContainer.swift */,
				F8F5A4AB238DCE6200276F27 /* DependencyModifier.swift */,
			);
			path = Dependency;
			sourceTree = "<group>";
		};
/* End PBXGroup section */

/* Begin PBXNativeTarget section */
		F85DEB9623821AEE00C7E977 /* swiftui-feedbackloop */ = {
			isa = PBXNativeTarget;
			buildConfigurationList = F85DEBC123821AF200C7E977 /* Build configuration list for PBXNativeTarget "swiftui-feedbackloop" */;
			buildPhases = (
				F85DEB9323821AEE00C7E977 /* Sources */,
				F85DEB9423821AEE00C7E977 /* Frameworks */,
				F85DEB9523821AEE00C7E977 /* Resources */,
			);
			buildRules = (
			);
			dependencies = (
			);
			name = "swiftui-feedbackloop";
			packageProductDependencies = (
				F85DEBCB23821E8000C7E977 /* CombineFeedback */,
				F85DEBCD23821E8000C7E977 /* CombineFeedbackUI */,
			);
			productName = "swiftui-feedbackloop";
			productReference = F85DEB9723821AEE00C7E977 /* swiftui-feedbackloop.app */;
			productType = "com.apple.product-type.application";
		};
		F85DEBAC23821AF200C7E977 /* swiftui-feedbackloopTests */ = {
			isa = PBXNativeTarget;
			buildConfigurationList = F85DEBC423821AF200C7E977 /* Build configuration list for PBXNativeTarget "swiftui-feedbackloopTests" */;
			buildPhases = (
				F85DEBA923821AF200C7E977 /* Sources */,
				F85DEBAA23821AF200C7E977 /* Frameworks */,
				F85DEBAB23821AF200C7E977 /* Resources */,
			);
			buildRules = (
			);
			dependencies = (
				F85DEBAF23821AF200C7E977 /* PBXTargetDependency */,
			);
			name = "swiftui-feedbackloopTests";
			productName = "swiftui-feedbackloopTests";
			productReference = F85DEBAD23821AF200C7E977 /* swiftui-feedbackloopTests.xctest */;
			productType = "com.apple.product-type.bundle.unit-test";
		};
		F85DEBB723821AF200C7E977 /* swiftui-feedbackloopUITests */ = {
			isa = PBXNativeTarget;
			buildConfigurationList = F85DEBC723821AF200C7E977 /* Build configuration list for PBXNativeTarget "swiftui-feedbackloopUITests" */;
			buildPhases = (
				F85DEBB423821AF200C7E977 /* Sources */,
				F85DEBB523821AF200C7E977 /* Frameworks */,
				F85DEBB623821AF200C7E977 /* Resources */,
			);
			buildRules = (
			);
			dependencies = (
				F85DEBBA23821AF200C7E977 /* PBXTargetDependency */,
			);
			name = "swiftui-feedbackloopUITests";
			productName = "swiftui-feedbackloopUITests";
			productReference = F85DEBB823821AF200C7E977 /* swiftui-feedbackloopUITests.xctest */;
			productType = "com.apple.product-type.bundle.ui-testing";
		};
/* End PBXNativeTarget section */

/* Begin PBXProject section */
		F85DEB8F23821AEE00C7E977 /* Project object */ = {
			isa = PBXProject;
			attributes = {
				LastSwiftUpdateCheck = 1120;
				LastUpgradeCheck = 1120;
				ORGANIZATIONNAME = "MD AL MAMUN";
				TargetAttributes = {
					F85DEB9623821AEE00C7E977 = {
						CreatedOnToolsVersion = 11.2;
					};
					F85DEBAC23821AF200C7E977 = {
						CreatedOnToolsVersion = 11.2;
						TestTargetID = F85DEB9623821AEE00C7E977;
					};
					F85DEBB723821AF200C7E977 = {
						CreatedOnToolsVersion = 11.2;
						TestTargetID = F85DEB9623821AEE00C7E977;
					};
				};
			};
			buildConfigurationList = F85DEB9223821AEE00C7E977 /* Build configuration list for PBXProject "swiftui-feedbackloop" */;
			compatibilityVersion = "Xcode 9.3";
			developmentRegion = en;
			hasScannedForEncodings = 0;
			knownRegions = (
				en,
				Base,
			);
			mainGroup = F85DEB8E23821AEE00C7E977;
			packageReferences = (
				F85DEBCA23821E8000C7E977 /* XCRemoteSwiftPackageReference "CombineFeedback" */,
			);
			productRefGroup = F85DEB9823821AEE00C7E977 /* Products */;
			projectDirPath = "";
			projectRoot = "";
			targets = (
				F85DEB9623821AEE00C7E977 /* swiftui-feedbackloop */,
				F85DEBAC23821AF200C7E977 /* swiftui-feedbackloopTests */,
				F85DEBB723821AF200C7E977 /* swiftui-feedbackloopUITests */,
			);
		};
/* End PBXProject section */

/* Begin PBXResourcesBuildPhase section */
		F85DEB9523821AEE00C7E977 /* Resources */ = {
			isa = PBXResourcesBuildPhase;
			buildActionMask = 2147483647;
			files = (
				F85DEBA723821AF200C7E977 /* LaunchScreen.storyboard in Resources */,
				F85DEBA423821AF200C7E977 /* Preview Assets.xcassets in Resources */,
				F85DEBA123821AF200C7E977 /* Assets.xcassets in Resources */,
				F8F5A4AA238A367500276F27 /* ColorPalette.xcassets in Resources */,
			);
			runOnlyForDeploymentPostprocessing = 0;
		};
		F85DEBAB23821AF200C7E977 /* Resources */ = {
			isa = PBXResourcesBuildPhase;
			buildActionMask = 2147483647;
			files = (
			);
			runOnlyForDeploymentPostprocessing = 0;
		};
		F85DEBB623821AF200C7E977 /* Resources */ = {
			isa = PBXResourcesBuildPhase;
			buildActionMask = 2147483647;
			files = (
			);
			runOnlyForDeploymentPostprocessing = 0;
		};
/* End PBXResourcesBuildPhase section */

/* Begin PBXSourcesBuildPhase section */
		F85DEB9323821AEE00C7E977 /* Sources */ = {
			isa = PBXSourcesBuildPhase;
			buildActionMask = 2147483647;
			files = (
				F8ECED7023847A88009C2BD7 /* AuthView.swift in Sources */,
				F85DEB9B23821AEE00C7E977 /* AppDelegate.swift in Sources */,
				F8ECED6C23845EA7009C2BD7 /* OnboardingEvent.swift in Sources */,
				F8ECED7223847A9A009C2BD7 /* OnboardingView.swift in Sources */,
				F8F5A4B6238E075A00276F27 /* APIService.swift in Sources */,
				F85DEB9D23821AEE00C7E977 /* SceneDelegate.swift in Sources */,
				F8F5A4AC238DCE6200276F27 /* DependencyModifier.swift in Sources */,
				F8F5A4B7238E075A00276F27 /* APIServiceError.swift in Sources */,
				F8F5A4B8238E075A00276F27 /* APIRequest.swift in Sources */,
				F8ECED7E2384BCD5009C2BD7 /* LoginState.swift in Sources */,
				F8F5A4B5238E075A00276F27 /* NewsAPITopheadlineRequest.swift in Sources */,
				F8F5A4BE238E0B1500276F27 /* NewsSource.swift in Sources */,
				F8ECED882385A8DC009C2BD7 /* HomeEvent.swift in Sources */,
				F8ECED6E238465FE009C2BD7 /* ConfiguringViewModel.swift in Sources */,
				F8ECED6723845310009C2BD7 /* AuthEvent.swift in Sources */,
				F8F5A4BD238E0B1500276F27 /* NewsArticles.swift in Sources */,
				F8ECED7623847D3B009C2BD7 /* AuthViewModel.swift in Sources */,
				F85DEB9F23821AEE00C7E977 /* AppView.swift in Sources */,
				F8ECED5B23843053009C2BD7 /* AppState.swift in Sources */,
				F8F5A4C1238E0F4B00276F27 /* DependencyContainer.swift in Sources */,
				F8ECED822384BFD8009C2BD7 /* RegistrationView.swift in Sources */,
				F8ECED65238452D3009C2BD7 /* HomeState.swift in Sources */,
				F8ECED6A23845BEF009C2BD7 /* Auth.swift in Sources */,
				F8ECED8A2385A91B009C2BD7 /* AccountState.swift in Sources */,
				F8F5A4BC238E0B1500276F27 /* NewsTopheadlineResponse.swift in Sources */,
				F8ECED842385A6DD009C2BD7 /* OnboardingViewModel.swift in Sources */,
				F8ECED7A2384B796009C2BD7 /* LoginViewModel.swift in Sources */,
				F8ECED632384528F009C2BD7 /* OnboardingState.swift in Sources */,
				F81BF7D3238635B500B53D23 /* ConfiguringView.swift in Sources */,
				F81BF7D5238635D500B53D23 /* ConfiguringState.swift in Sources */,
				F8ECED7423847AAC009C2BD7 /* HomeView.swift in Sources */,
				F8ECED862385A8CE009C2BD7 /* HomeViewModel.swift in Sources */,
				F8F5A4B4238E075A00276F27 /* NewsAPIService.swift in Sources */,
				F8F5A4C3238E231100276F27 /* CombineExt.swift in Sources */,
				F8ECED802384BCE0009C2BD7 /* LoginEvent.swift in Sources */,
				F8ECED7C2384B7B5009C2BD7 /* LoginView.swift in Sources */,
				F81BF7D92388388200B53D23 /* Activity.swift in Sources */,
				F8ECED5D23843115009C2BD7 /* Builder.swift in Sources */,
				F8ECED612384526D009C2BD7 /* AuthState.swift in Sources */,
				F81BF7D7238635F600B53D23 /* ConfiguringEvent.swift in Sources */,
			);
			runOnlyForDeploymentPostprocessing = 0;
		};
		F85DEBA923821AF200C7E977 /* Sources */ = {
			isa = PBXSourcesBuildPhase;
			buildActionMask = 2147483647;
			files = (
				F85DEBB223821AF200C7E977 /* swiftui_feedbackloopTests.swift in Sources */,
			);
			runOnlyForDeploymentPostprocessing = 0;
		};
		F85DEBB423821AF200C7E977 /* Sources */ = {
			isa = PBXSourcesBuildPhase;
			buildActionMask = 2147483647;
			files = (
				F85DEBBD23821AF200C7E977 /* swiftui_feedbackloopUITests.swift in Sources */,
			);
			runOnlyForDeploymentPostprocessing = 0;
		};
/* End PBXSourcesBuildPhase section */

/* Begin PBXTargetDependency section */
		F85DEBAF23821AF200C7E977 /* PBXTargetDependency */ = {
			isa = PBXTargetDependency;
			target = F85DEB9623821AEE00C7E977 /* swiftui-feedbackloop */;
			targetProxy = F85DEBAE23821AF200C7E977 /* PBXContainerItemProxy */;
		};
		F85DEBBA23821AF200C7E977 /* PBXTargetDependency */ = {
			isa = PBXTargetDependency;
			target = F85DEB9623821AEE00C7E977 /* swiftui-feedbackloop */;
			targetProxy = F85DEBB923821AF200C7E977 /* PBXContainerItemProxy */;
		};
/* End PBXTargetDependency section */

/* Begin PBXVariantGroup section */
		F85DEBA523821AF200C7E977 /* LaunchScreen.storyboard */ = {
			isa = PBXVariantGroup;
			children = (
				F85DEBA623821AF200C7E977 /* Base */,
			);
			name = LaunchScreen.storyboard;
			sourceTree = "<group>";
		};
/* End PBXVariantGroup section */

/* Begin XCBuildConfiguration section */
		F85DEBBF23821AF200C7E977 /* Debug */ = {
			isa = XCBuildConfiguration;
			buildSettings = {
				ALWAYS_SEARCH_USER_PATHS = NO;
				CLANG_ANALYZER_NONNULL = YES;
				CLANG_ANALYZER_NUMBER_OBJECT_CONVERSION = YES_AGGRESSIVE;
				CLANG_CXX_LANGUAGE_STANDARD = "gnu++14";
				CLANG_CXX_LIBRARY = "libc++";
				CLANG_ENABLE_MODULES = YES;
				CLANG_ENABLE_OBJC_ARC = YES;
				CLANG_ENABLE_OBJC_WEAK = YES;
				CLANG_WARN_BLOCK_CAPTURE_AUTORELEASING = YES;
				CLANG_WARN_BOOL_CONVERSION = YES;
				CLANG_WARN_COMMA = YES;
				CLANG_WARN_CONSTANT_CONVERSION = YES;
				CLANG_WARN_DEPRECATED_OBJC_IMPLEMENTATIONS = YES;
				CLANG_WARN_DIRECT_OBJC_ISA_USAGE = YES_ERROR;
				CLANG_WARN_DOCUMENTATION_COMMENTS = YES;
				CLANG_WARN_EMPTY_BODY = YES;
				CLANG_WARN_ENUM_CONVERSION = YES;
				CLANG_WARN_INFINITE_RECURSION = YES;
				CLANG_WARN_INT_CONVERSION = YES;
				CLANG_WARN_NON_LITERAL_NULL_CONVERSION = YES;
				CLANG_WARN_OBJC_IMPLICIT_RETAIN_SELF = YES;
				CLANG_WARN_OBJC_LITERAL_CONVERSION = YES;
				CLANG_WARN_OBJC_ROOT_CLASS = YES_ERROR;
				CLANG_WARN_RANGE_LOOP_ANALYSIS = YES;
				CLANG_WARN_STRICT_PROTOTYPES = YES;
				CLANG_WARN_SUSPICIOUS_MOVE = YES;
				CLANG_WARN_UNGUARDED_AVAILABILITY = YES_AGGRESSIVE;
				CLANG_WARN_UNREACHABLE_CODE = YES;
				CLANG_WARN__DUPLICATE_METHOD_MATCH = YES;
				COPY_PHASE_STRIP = NO;
				DEBUG_INFORMATION_FORMAT = dwarf;
				ENABLE_STRICT_OBJC_MSGSEND = YES;
				ENABLE_TESTABILITY = YES;
				GCC_C_LANGUAGE_STANDARD = gnu11;
				GCC_DYNAMIC_NO_PIC = NO;
				GCC_NO_COMMON_BLOCKS = YES;
				GCC_OPTIMIZATION_LEVEL = 0;
				GCC_PREPROCESSOR_DEFINITIONS = (
					"DEBUG=1",
					"$(inherited)",
				);
				GCC_WARN_64_TO_32_BIT_CONVERSION = YES;
				GCC_WARN_ABOUT_RETURN_TYPE = YES_ERROR;
				GCC_WARN_UNDECLARED_SELECTOR = YES;
				GCC_WARN_UNINITIALIZED_AUTOS = YES_AGGRESSIVE;
				GCC_WARN_UNUSED_FUNCTION = YES;
				GCC_WARN_UNUSED_VARIABLE = YES;
				IPHONEOS_DEPLOYMENT_TARGET = 13.2;
				MTL_ENABLE_DEBUG_INFO = INCLUDE_SOURCE;
				MTL_FAST_MATH = YES;
				ONLY_ACTIVE_ARCH = YES;
				SDKROOT = iphoneos;
				SWIFT_ACTIVE_COMPILATION_CONDITIONS = DEBUG;
				SWIFT_OPTIMIZATION_LEVEL = "-Onone";
			};
			name = Debug;
		};
		F85DEBC023821AF200C7E977 /* Release */ = {
			isa = XCBuildConfiguration;
			buildSettings = {
				ALWAYS_SEARCH_USER_PATHS = NO;
				CLANG_ANALYZER_NONNULL = YES;
				CLANG_ANALYZER_NUMBER_OBJECT_CONVERSION = YES_AGGRESSIVE;
				CLANG_CXX_LANGUAGE_STANDARD = "gnu++14";
				CLANG_CXX_LIBRARY = "libc++";
				CLANG_ENABLE_MODULES = YES;
				CLANG_ENABLE_OBJC_ARC = YES;
				CLANG_ENABLE_OBJC_WEAK = YES;
				CLANG_WARN_BLOCK_CAPTURE_AUTORELEASING = YES;
				CLANG_WARN_BOOL_CONVERSION = YES;
				CLANG_WARN_COMMA = YES;
				CLANG_WARN_CONSTANT_CONVERSION = YES;
				CLANG_WARN_DEPRECATED_OBJC_IMPLEMENTATIONS = YES;
				CLANG_WARN_DIRECT_OBJC_ISA_USAGE = YES_ERROR;
				CLANG_WARN_DOCUMENTATION_COMMENTS = YES;
				CLANG_WARN_EMPTY_BODY = YES;
				CLANG_WARN_ENUM_CONVERSION = YES;
				CLANG_WARN_INFINITE_RECURSION = YES;
				CLANG_WARN_INT_CONVERSION = YES;
				CLANG_WARN_NON_LITERAL_NULL_CONVERSION = YES;
				CLANG_WARN_OBJC_IMPLICIT_RETAIN_SELF = YES;
				CLANG_WARN_OBJC_LITERAL_CONVERSION = YES;
				CLANG_WARN_OBJC_ROOT_CLASS = YES_ERROR;
				CLANG_WARN_RANGE_LOOP_ANALYSIS = YES;
				CLANG_WARN_STRICT_PROTOTYPES = YES;
				CLANG_WARN_SUSPICIOUS_MOVE = YES;
				CLANG_WARN_UNGUARDED_AVAILABILITY = YES_AGGRESSIVE;
				CLANG_WARN_UNREACHABLE_CODE = YES;
				CLANG_WARN__DUPLICATE_METHOD_MATCH = YES;
				COPY_PHASE_STRIP = NO;
				DEBUG_INFORMATION_FORMAT = "dwarf-with-dsym";
				ENABLE_NS_ASSERTIONS = NO;
				ENABLE_STRICT_OBJC_MSGSEND = YES;
				GCC_C_LANGUAGE_STANDARD = gnu11;
				GCC_NO_COMMON_BLOCKS = YES;
				GCC_WARN_64_TO_32_BIT_CONVERSION = YES;
				GCC_WARN_ABOUT_RETURN_TYPE = YES_ERROR;
				GCC_WARN_UNDECLARED_SELECTOR = YES;
				GCC_WARN_UNINITIALIZED_AUTOS = YES_AGGRESSIVE;
				GCC_WARN_UNUSED_FUNCTION = YES;
				GCC_WARN_UNUSED_VARIABLE = YES;
				IPHONEOS_DEPLOYMENT_TARGET = 13.2;
				MTL_ENABLE_DEBUG_INFO = NO;
				MTL_FAST_MATH = YES;
				SDKROOT = iphoneos;
				SWIFT_COMPILATION_MODE = wholemodule;
				SWIFT_OPTIMIZATION_LEVEL = "-O";
				VALIDATE_PRODUCT = YES;
			};
			name = Release;
		};
		F85DEBC223821AF200C7E977 /* Debug */ = {
			isa = XCBuildConfiguration;
			buildSettings = {
				ASSETCATALOG_COMPILER_APPICON_NAME = AppIcon;
				CODE_SIGN_STYLE = Automatic;
				DEVELOPMENT_ASSET_PATHS = "\"swiftui-feedbackloop/Preview Content\"";
				ENABLE_PREVIEWS = YES;
				INFOPLIST_FILE = "swiftui-feedbackloop/Info.plist";
				LD_RUNPATH_SEARCH_PATHS = (
					"$(inherited)",
					"@executable_path/Frameworks",
				);
				PRODUCT_BUNDLE_IDENTIFIER = "com.mamun.swiftui-feedbackloop";
				PRODUCT_NAME = "$(TARGET_NAME)";
				SWIFT_VERSION = 5.0;
				TARGETED_DEVICE_FAMILY = "1,2";
			};
			name = Debug;
		};
		F85DEBC323821AF200C7E977 /* Release */ = {
			isa = XCBuildConfiguration;
			buildSettings = {
				ASSETCATALOG_COMPILER_APPICON_NAME = AppIcon;
				CODE_SIGN_STYLE = Automatic;
				DEVELOPMENT_ASSET_PATHS = "\"swiftui-feedbackloop/Preview Content\"";
				ENABLE_PREVIEWS = YES;
				INFOPLIST_FILE = "swiftui-feedbackloop/Info.plist";
				LD_RUNPATH_SEARCH_PATHS = (
					"$(inherited)",
					"@executable_path/Frameworks",
				);
				PRODUCT_BUNDLE_IDENTIFIER = "com.mamun.swiftui-feedbackloop";
				PRODUCT_NAME = "$(TARGET_NAME)";
				SWIFT_VERSION = 5.0;
				TARGETED_DEVICE_FAMILY = "1,2";
			};
			name = Release;
		};
		F85DEBC523821AF200C7E977 /* Debug */ = {
			isa = XCBuildConfiguration;
			buildSettings = {
				ALWAYS_EMBED_SWIFT_STANDARD_LIBRARIES = YES;
				BUNDLE_LOADER = "$(TEST_HOST)";
				CODE_SIGN_STYLE = Automatic;
				INFOPLIST_FILE = "swiftui-feedbackloopTests/Info.plist";
				IPHONEOS_DEPLOYMENT_TARGET = 13.2;
				LD_RUNPATH_SEARCH_PATHS = (
					"$(inherited)",
					"@executable_path/Frameworks",
					"@loader_path/Frameworks",
				);
				PRODUCT_BUNDLE_IDENTIFIER = "com.mamun.swiftui-feedbackloopTests";
				PRODUCT_NAME = "$(TARGET_NAME)";
				SWIFT_VERSION = 5.0;
				TARGETED_DEVICE_FAMILY = "1,2";
				TEST_HOST = "$(BUILT_PRODUCTS_DIR)/swiftui-feedbackloop.app/swiftui-feedbackloop";
			};
			name = Debug;
		};
		F85DEBC623821AF200C7E977 /* Release */ = {
			isa = XCBuildConfiguration;
			buildSettings = {
				ALWAYS_EMBED_SWIFT_STANDARD_LIBRARIES = YES;
				BUNDLE_LOADER = "$(TEST_HOST)";
				CODE_SIGN_STYLE = Automatic;
				INFOPLIST_FILE = "swiftui-feedbackloopTests/Info.plist";
				IPHONEOS_DEPLOYMENT_TARGET = 13.2;
				LD_RUNPATH_SEARCH_PATHS = (
					"$(inherited)",
					"@executable_path/Frameworks",
					"@loader_path/Frameworks",
				);
				PRODUCT_BUNDLE_IDENTIFIER = "com.mamun.swiftui-feedbackloopTests";
				PRODUCT_NAME = "$(TARGET_NAME)";
				SWIFT_VERSION = 5.0;
				TARGETED_DEVICE_FAMILY = "1,2";
				TEST_HOST = "$(BUILT_PRODUCTS_DIR)/swiftui-feedbackloop.app/swiftui-feedbackloop";
			};
			name = Release;
		};
		F85DEBC823821AF200C7E977 /* Debug */ = {
			isa = XCBuildConfiguration;
			buildSettings = {
				ALWAYS_EMBED_SWIFT_STANDARD_LIBRARIES = YES;
				CODE_SIGN_STYLE = Automatic;
				INFOPLIST_FILE = "swiftui-feedbackloopUITests/Info.plist";
				LD_RUNPATH_SEARCH_PATHS = (
					"$(inherited)",
					"@executable_path/Frameworks",
					"@loader_path/Frameworks",
				);
				PRODUCT_BUNDLE_IDENTIFIER = "com.mamun.swiftui-feedbackloopUITests";
				PRODUCT_NAME = "$(TARGET_NAME)";
				SWIFT_VERSION = 5.0;
				TARGETED_DEVICE_FAMILY = "1,2";
				TEST_TARGET_NAME = "swiftui-feedbackloop";
			};
			name = Debug;
		};
		F85DEBC923821AF200C7E977 /* Release */ = {
			isa = XCBuildConfiguration;
			buildSettings = {
				ALWAYS_EMBED_SWIFT_STANDARD_LIBRARIES = YES;
				CODE_SIGN_STYLE = Automatic;
				INFOPLIST_FILE = "swiftui-feedbackloopUITests/Info.plist";
				LD_RUNPATH_SEARCH_PATHS = (
					"$(inherited)",
					"@executable_path/Frameworks",
					"@loader_path/Frameworks",
				);
				PRODUCT_BUNDLE_IDENTIFIER = "com.mamun.swiftui-feedbackloopUITests";
				PRODUCT_NAME = "$(TARGET_NAME)";
				SWIFT_VERSION = 5.0;
				TARGETED_DEVICE_FAMILY = "1,2";
				TEST_TARGET_NAME = "swiftui-feedbackloop";
			};
			name = Release;
		};
/* End XCBuildConfiguration section */

/* Begin XCConfigurationList section */
		F85DEB9223821AEE00C7E977 /* Build configuration list for PBXProject "swiftui-feedbackloop" */ = {
			isa = XCConfigurationList;
			buildConfigurations = (
				F85DEBBF23821AF200C7E977 /* Debug */,
				F85DEBC023821AF200C7E977 /* Release */,
			);
			defaultConfigurationIsVisible = 0;
			defaultConfigurationName = Release;
		};
		F85DEBC123821AF200C7E977 /* Build configuration list for PBXNativeTarget "swiftui-feedbackloop" */ = {
			isa = XCConfigurationList;
			buildConfigurations = (
				F85DEBC223821AF200C7E977 /* Debug */,
				F85DEBC323821AF200C7E977 /* Release */,
			);
			defaultConfigurationIsVisible = 0;
			defaultConfigurationName = Release;
		};
		F85DEBC423821AF200C7E977 /* Build configuration list for PBXNativeTarget "swiftui-feedbackloopTests" */ = {
			isa = XCConfigurationList;
			buildConfigurations = (
				F85DEBC523821AF200C7E977 /* Debug */,
				F85DEBC623821AF200C7E977 /* Release */,
			);
			defaultConfigurationIsVisible = 0;
			defaultConfigurationName = Release;
		};
		F85DEBC723821AF200C7E977 /* Build configuration list for PBXNativeTarget "swiftui-feedbackloopUITests" */ = {
			isa = XCConfigurationList;
			buildConfigurations = (
				F85DEBC823821AF200C7E977 /* Debug */,
				F85DEBC923821AF200C7E977 /* Release */,
			);
			defaultConfigurationIsVisible = 0;
			defaultConfigurationName = Release;
		};
/* End XCConfigurationList section */

/* Begin XCRemoteSwiftPackageReference section */
		F85DEBCA23821E8000C7E977 /* XCRemoteSwiftPackageReference "CombineFeedback" */ = {
			isa = XCRemoteSwiftPackageReference;
			repositoryURL = "https://github.com/sergdort/CombineFeedback.git";
			requirement = {
				kind = upToNextMajorVersion;
				minimumVersion = 0.6.0;
			};
		};
/* End XCRemoteSwiftPackageReference section */

/* Begin XCSwiftPackageProductDependency section */
		F85DEBCB23821E8000C7E977 /* CombineFeedback */ = {
			isa = XCSwiftPackageProductDependency;
			package = F85DEBCA23821E8000C7E977 /* XCRemoteSwiftPackageReference "CombineFeedback" */;
			productName = CombineFeedback;
		};
		F85DEBCD23821E8000C7E977 /* CombineFeedbackUI */ = {
			isa = XCSwiftPackageProductDependency;
			package = F85DEBCA23821E8000C7E977 /* XCRemoteSwiftPackageReference "CombineFeedback" */;
			productName = CombineFeedbackUI;
		};
/* End XCSwiftPackageProductDependency section */
	};
	rootObject = F85DEB8F23821AEE00C7E977 /* Project object */;
}
